
Microsoft Visual Studio Solution File, Format Version 12.00
# Visual Studio Version 16
VisualStudioVersion = 16.0.31515.178
MinimumVisualStudioVersion = 10.0.40219.1
Project("{FAE04EC0-301F-11D3-BF4B-00C04F79EFBC}") = "OOPS", "OOPS.csproj", "{0CE9C3D0-A8CD-48F9-8C5B-EF7704270F2D}"
EndProject
Global
	GlobalSection(SolutionConfigurationPlatforms) = preSolution
		Debug|Any CPU = Debug|Any CPU
		Release|Any CPU = Release|Any CPU
	EndGlobalSection
	GlobalSection(ProjectConfigurationPlatforms) = postSolution
		{0CE9C3D0-A8CD-48F9-8C5B-EF7704270F2D}.Debug|Any CPU.ActiveCfg = Debug|Any CPU
		{0CE9C3D0-A8CD-48F9-8C5B-EF7704270F2D}.Debug|Any CPU.Build.0 = Debug|Any CPU
		{0CE9C3D0-A8CD-48F9-8C5B-EF7704270F2D}.Release|Any CPU.ActiveCfg = Release|Any CPU
		{0CE9C3D0-A8CD-48F9-8C5B-EF7704270F2D}.Release|Any CPU.Build.0 = Release|Any CPU
	EndGlobalSection
	GlobalSection(SolutionProperties) = preSolution
		HideSolutionNode = FALSE
	EndGlobalSection
	GlobalSection(ExtensibilityGlobals) = postSolution
		SolutionGuid = {C749845B-3C9D-4FBE-9603-E23FE3DED0C6}
	EndGlobalSection
EndGlobal
